
Microsoft Visual Studio Solution File, Format Version 12.00
# Visual Studio 14
VisualStudioVersion = 14.0.25420.1
MinimumVisualStudioVersion = 10.0.40219.1
Project("{8BC9CEB8-8B4A-11D0-8D11-00A0C91BC942}") = "e18-01", "e18-01\e18-01.vcxproj", "{7BEF99B8-4291-4124-8BAD-06929FFA5CB5}"
EndProject
Project("{8BC9CEB8-8B4A-11D0-8D11-00A0C91BC942}") = "e18-01_from_disk", "e18-01_from_disk\e18-01_from_disk.vcxproj", "{01690B24-95D2-4684-BBD7-51C89F697EFE}"
EndProject
Project("{8BC9CEB8-8B4A-11D0-8D11-00A0C91BC942}") = "e11-1", "e11-1\e11-1.vcxproj", "{45C421B6-A5D9-421D-A203-14D6AA882233}"
EndProject
Project("{8BC9CEB8-8B4A-11D0-8D11-00A0C91BC942}") = "e11-2", "e11-2\e11-2.vcxproj", "{889F1964-867F-4884-9235-A9523935BBB1}"
EndProject
Project("{8BC9CEB8-8B4A-11D0-8D11-00A0C91BC942}") = "e02-06", "e02-6\e02-6.vcxproj", "{71AA8A90-453B-4F71-893F-A7A7CFF59227}"
EndProject
Project("{8BC9CEB8-8B4A-11D0-8D11-00A0C91BC942}") = "e02-11", "e02-11\e02-11.vcxproj", "{61798689-274C-4014-BD82-519F30C1AE21}"
EndProject
Project("{8BC9CEB8-8B4A-11D0-8D11-00A0C91BC942}") = "e09-4", "e09-4\e09-4.vcxproj", "{F6DA720C-6804-43A3-960E-5BB29E613140}"
EndProject
Project("{8BC9CEB8-8B4A-11D0-8D11-00A0C91BC942}") = "e09-5qt", "e09-5qt\e9-5qt.vcxproj", "{9C41ADE0-A9EC-3346-9AAC-803CC41629F5}"
EndProject
Project("{8BC9CEB8-8B4A-11D0-8D11-00A0C91BC942}") = "e09-5wtl", "e09-5wtl\e9-5wtl.vcxproj", "{E7E40830-0CEF-4CB1-9A9E-FAAD336F120A}"
EndProject
Global
	GlobalSection(SolutionConfigurationPlatforms) = preSolution
		Debug|x64 = Debug|x64
		Debug|x86 = Debug|x86
		Release|x64 = Release|x64
		Release|x86 = Release|x86
	EndGlobalSection
	GlobalSection(ProjectConfigurationPlatforms) = postSolution
		{7BEF99B8-4291-4124-8BAD-06929FFA5CB5}.Debug|x64.ActiveCfg = Debug|x64
		{7BEF99B8-4291-4124-8BAD-06929FFA5CB5}.Debug|x64.Build.0 = Debug|x64
		{7BEF99B8-4291-4124-8BAD-06929FFA5CB5}.Debug|x86.ActiveCfg = Debug|Win32
		{7BEF99B8-4291-4124-8BAD-06929FFA5CB5}.Debug|x86.Build.0 = Debug|Win32
		{7BEF99B8-4291-4124-8BAD-06929FFA5CB5}.Release|x64.ActiveCfg = Release|x64
		{7BEF99B8-4291-4124-8BAD-06929FFA5CB5}.Release|x64.Build.0 = Release|x64
		{7BEF99B8-4291-4124-8BAD-06929FFA5CB5}.Release|x86.ActiveCfg = Release|Win32
		{7BEF99B8-4291-4124-8BAD-06929FFA5CB5}.Release|x86.Build.0 = Release|Win32
		{01690B24-95D2-4684-BBD7-51C89F697EFE}.Debug|x64.ActiveCfg = Debug|x64
		{01690B24-95D2-4684-BBD7-51C89F697EFE}.Debug|x64.Build.0 = Debug|x64
		{01690B24-95D2-4684-BBD7-51C89F697EFE}.Debug|x86.ActiveCfg = Debug|Win32
		{01690B24-95D2-4684-BBD7-51C89F697EFE}.Debug|x86.Build.0 = Debug|Win32
		{01690B24-95D2-4684-BBD7-51C89F697EFE}.Release|x64.ActiveCfg = Release|x64
		{01690B24-95D2-4684-BBD7-51C89F697EFE}.Release|x64.Build.0 = Release|x64
		{01690B24-95D2-4684-BBD7-51C89F697EFE}.Release|x86.ActiveCfg = Release|Win32
		{01690B24-95D2-4684-BBD7-51C89F697EFE}.Release|x86.Build.0 = Release|Win32
		{45C421B6-A5D9-421D-A203-14D6AA882233}.Debug|x64.ActiveCfg = Debug|x64
		{45C421B6-A5D9-421D-A203-14D6AA882233}.Debug|x64.Build.0 = Debug|x64
		{45C421B6-A5D9-421D-A203-14D6AA882233}.Debug|x86.ActiveCfg = Debug|Win32
		{45C421B6-A5D9-421D-A203-14D6AA882233}.Debug|x86.Build.0 = Debug|Win32
		{45C421B6-A5D9-421D-A203-14D6AA882233}.Release|x64.ActiveCfg = Release|x64
		{45C421B6-A5D9-421D-A203-14D6AA882233}.Release|x64.Build.0 = Release|x64
		{45C421B6-A5D9-421D-A203-14D6AA882233}.Release|x86.ActiveCfg = Release|Win32
		{45C421B6-A5D9-421D-A203-14D6AA882233}.Release|x86.Build.0 = Release|Win32
		{889F1964-867F-4884-9235-A9523935BBB1}.Debug|x64.ActiveCfg = Debug|x64
		{889F1964-867F-4884-9235-A9523935BBB1}.Debug|x64.Build.0 = Debug|x64
		{889F1964-867F-4884-9235-A9523935BBB1}.Debug|x86.ActiveCfg = Debug|Win32
		{889F1964-867F-4884-9235-A9523935BBB1}.Debug|x86.Build.0 = Debug|Win32
		{889F1964-867F-4884-9235-A9523935BBB1}.Release|x64.ActiveCfg = Release|x64
		{889F1964-867F-4884-9235-A9523935BBB1}.Release|x64.Build.0 = Release|x64
		{889F1964-867F-4884-9235-A9523935BBB1}.Release|x86.ActiveCfg = Release|Win32
		{889F1964-867F-4884-9235-A9523935BBB1}.Release|x86.Build.0 = Release|Win32
		{71AA8A90-453B-4F71-893F-A7A7CFF59227}.Debug|x64.ActiveCfg = Debug|x64
		{71AA8A90-453B-4F71-893F-A7A7CFF59227}.Debug|x64.Build.0 = Debug|x64
		{71AA8A90-453B-4F71-893F-A7A7CFF59227}.Debug|x86.ActiveCfg = Debug|Win32
		{71AA8A90-453B-4F71-893F-A7A7CFF59227}.Debug|x86.Build.0 = Debug|Win32
		{71AA8A90-453B-4F71-893F-A7A7CFF59227}.Release|x64.ActiveCfg = Release|x64
		{71AA8A90-453B-4F71-893F-A7A7CFF59227}.Release|x64.Build.0 = Release|x64
		{71AA8A90-453B-4F71-893F-A7A7CFF59227}.Release|x86.ActiveCfg = Release|Win32
		{71AA8A90-453B-4F71-893F-A7A7CFF59227}.Release|x86.Build.0 = Release|Win32
		{61798689-274C-4014-BD82-519F30C1AE21}.Debug|x64.ActiveCfg = Debug|x64
		{61798689-274C-4014-BD82-519F30C1AE21}.Debug|x64.Build.0 = Debug|x64
		{61798689-274C-4014-BD82-519F30C1AE21}.Debug|x86.ActiveCfg = Debug|Win32
		{61798689-274C-4014-BD82-519F30C1AE21}.Debug|x86.Build.0 = Debug|Win32
		{61798689-274C-4014-BD82-519F30C1AE21}.Release|x64.ActiveCfg = Release|x64
		{61798689-274C-4014-BD82-519F30C1AE21}.Release|x64.Build.0 = Release|x64
		{61798689-274C-4014-BD82-519F30C1AE21}.Release|x86.ActiveCfg = Release|Win32
		{61798689-274C-4014-BD82-519F30C1AE21}.Release|x86.Build.0 = Release|Win32
		{F6DA720C-6804-43A3-960E-5BB29E613140}.Debug|x64.ActiveCfg = Debug|x64
		{F6DA720C-6804-43A3-960E-5BB29E613140}.Debug|x64.Build.0 = Debug|x64
		{F6DA720C-6804-43A3-960E-5BB29E613140}.Debug|x86.ActiveCfg = Debug|Win32
		{F6DA720C-6804-43A3-960E-5BB29E613140}.Debug|x86.Build.0 = Debug|Win32
		{F6DA720C-6804-43A3-960E-5BB29E613140}.Release|x64.ActiveCfg = Release|x64
		{F6DA720C-6804-43A3-960E-5BB29E613140}.Release|x64.Build.0 = Release|x64
		{F6DA720C-6804-43A3-960E-5BB29E613140}.Release|x86.ActiveCfg = Release|Win32
		{F6DA720C-6804-43A3-960E-5BB29E613140}.Release|x86.Build.0 = Release|Win32
		{9C41ADE0-A9EC-3346-9AAC-803CC41629F5}.Debug|x64.ActiveCfg = Debug|Win32
		{9C41ADE0-A9EC-3346-9AAC-803CC41629F5}.Debug|x86.ActiveCfg = Debug|Win32
		{9C41ADE0-A9EC-3346-9AAC-803CC41629F5}.Debug|x86.Build.0 = Debug|Win32
		{9C41ADE0-A9EC-3346-9AAC-803CC41629F5}.Release|x64.ActiveCfg = Release|Win32
		{9C41ADE0-A9EC-3346-9AAC-803CC41629F5}.Release|x86.ActiveCfg = Release|Win32
		{9C41ADE0-A9EC-3346-9AAC-803CC41629F5}.Release|x86.Build.0 = Release|Win32
		{E7E40830-0CEF-4CB1-9A9E-FAAD336F120A}.Debug|x64.ActiveCfg = Debug|x64
		{E7E40830-0CEF-4CB1-9A9E-FAAD336F120A}.Debug|x64.Build.0 = Debug|x64
		{E7E40830-0CEF-4CB1-9A9E-FAAD336F120A}.Debug|x86.ActiveCfg = Debug|Win32
		{E7E40830-0CEF-4CB1-9A9E-FAAD336F120A}.Debug|x86.Build.0 = Debug|Win32
		{E7E40830-0CEF-4CB1-9A9E-FAAD336F120A}.Release|x64.ActiveCfg = Release|x64
		{E7E40830-0CEF-4CB1-9A9E-FAAD336F120A}.Release|x64.Build.0 = Release|x64
		{E7E40830-0CEF-4CB1-9A9E-FAAD336F120A}.Release|x86.ActiveCfg = Release|Win32
		{E7E40830-0CEF-4CB1-9A9E-FAAD336F120A}.Release|x86.Build.0 = Release|Win32
	EndGlobalSection
	GlobalSection(SolutionProperties) = preSolution
		HideSolutionNode = FALSE
	EndGlobalSection
EndGlobal
