
Microsoft Visual Studio Solution File, Format Version 12.00
# Visual Studio 14
VisualStudioVersion = 14.0.25420.1
MinimumVisualStudioVersion = 10.0.40219.1
Project("{8BC9CEB8-8B4A-11D0-8D11-00A0C91BC942}") = "e18-01", "e18-01\e18-01.vcxproj", "{7BEF99B8-4291-4124-8BAD-06929FFA5CB5}"
EndProject
Project("{8BC9CEB8-8B4A-11D0-8D11-00A0C91BC942}") = "e18-01_from_disk", "e18-01_from_disk\e18-01_from_disk.vcxproj", "{01690B24-95D2-4684-BBD7-51C89F697EFE}"
EndProject
Project("{8BC9CEB8-8B4A-11D0-8D11-00A0C91BC942}") = "e9-4", "e9-4\e9-4.vcxproj", "{F6DA720C-6804-43A3-960E-5BB29E613140}"
EndProject
Global
	GlobalSection(SolutionConfigurationPlatforms) = preSolution
		Debug|x64 = Debug|x64
		Debug|x86 = Debug|x86
		Release|x64 = Release|x64
		Release|x86 = Release|x86
	EndGlobalSection
	GlobalSection(ProjectConfigurationPlatforms) = postSolution
		{7BEF99B8-4291-4124-8BAD-06929FFA5CB5}.Debug|x64.ActiveCfg = Debug|x64
		{7BEF99B8-4291-4124-8BAD-06929FFA5CB5}.Debug|x64.Build.0 = Debug|x64
		{7BEF99B8-4291-4124-8BAD-06929FFA5CB5}.Debug|x86.ActiveCfg = Debug|Win32
		{7BEF99B8-4291-4124-8BAD-06929FFA5CB5}.Debug|x86.Build.0 = Debug|Win32
		{7BEF99B8-4291-4124-8BAD-06929FFA5CB5}.Release|x64.ActiveCfg = Release|x64
		{7BEF99B8-4291-4124-8BAD-06929FFA5CB5}.Release|x64.Build.0 = Release|x64
		{7BEF99B8-4291-4124-8BAD-06929FFA5CB5}.Release|x86.ActiveCfg = Release|Win32
		{7BEF99B8-4291-4124-8BAD-06929FFA5CB5}.Release|x86.Build.0 = Release|Win32
		{01690B24-95D2-4684-BBD7-51C89F697EFE}.Debug|x64.ActiveCfg = Debug|x64
		{01690B24-95D2-4684-BBD7-51C89F697EFE}.Debug|x64.Build.0 = Debug|x64
		{01690B24-95D2-4684-BBD7-51C89F697EFE}.Debug|x86.ActiveCfg = Debug|Win32
		{01690B24-95D2-4684-BBD7-51C89F697EFE}.Debug|x86.Build.0 = Debug|Win32
		{01690B24-95D2-4684-BBD7-51C89F697EFE}.Release|x64.ActiveCfg = Release|x64
		{01690B24-95D2-4684-BBD7-51C89F697EFE}.Release|x64.Build.0 = Release|x64
		{01690B24-95D2-4684-BBD7-51C89F697EFE}.Release|x86.ActiveCfg = Release|Win32
		{01690B24-95D2-4684-BBD7-51C89F697EFE}.Release|x86.Build.0 = Release|Win32
		{F6DA720C-6804-43A3-960E-5BB29E613140}.Debug|x64.ActiveCfg = Debug|x64
		{F6DA720C-6804-43A3-960E-5BB29E613140}.Debug|x64.Build.0 = Debug|x64
		{F6DA720C-6804-43A3-960E-5BB29E613140}.Debug|x86.ActiveCfg = Debug|Win32
		{F6DA720C-6804-43A3-960E-5BB29E613140}.Debug|x86.Build.0 = Debug|Win32
		{F6DA720C-6804-43A3-960E-5BB29E613140}.Release|x64.ActiveCfg = Release|x64
		{F6DA720C-6804-43A3-960E-5BB29E613140}.Release|x64.Build.0 = Release|x64
		{F6DA720C-6804-43A3-960E-5BB29E613140}.Release|x86.ActiveCfg = Release|Win32
		{F6DA720C-6804-43A3-960E-5BB29E613140}.Release|x86.Build.0 = Release|Win32
	EndGlobalSection
	GlobalSection(SolutionProperties) = preSolution
		HideSolutionNode = FALSE
	EndGlobalSection
EndGlobal
